
Microsoft Visual Studio Solution File, Format Version 12.00
# Visual Studio Version 16
VisualStudioVersion = 16.0.30225.117
MinimumVisualStudioVersion = 10.0.40219.1
Project("{FAE04EC0-301F-11D3-BF4B-00C04F79EFBC}") = "ConsoleAppNetFramework", "ConsoleAppNetFramework.csproj", "{B28A5BD3-BB29-4987-B7FF-8ECC6A4A916B}"
EndProject
Project("{FAE04EC0-301F-11D3-BF4B-00C04F79EFBC}") = "Doyle_6_2_InputValidation", "..\Doyle_6_2_InputValidation\Doyle_6_2_InputValidation.csproj", "{BDE25C6E-6251-4D8E-BA1E-583A3598F125}"
EndProject
Project("{FAE04EC0-301F-11D3-BF4B-00C04F79EFBC}") = "Doyle_6_7_MultiplicationTable", "..\Doyle_6_7_MultiplicationTable\Doyle_6_7_MultiplicationTable.csproj", "{D4794368-96E1-492F-B44D-AD34BF3AB4DA}"
EndProject
Project("{FAE04EC0-301F-11D3-BF4B-00C04F79EFBC}") = "_7_1_Arrays", "..\_7_1_Arrays\_7_1_Arrays.csproj", "{D5878802-4E36-4E11-958D-F250AE3A9D2D}"
EndProject
Project("{FAE04EC0-301F-11D3-BF4B-00C04F79EFBC}") = "Doyle_7_2_Sales", "..\Doyle_7_2_Sales\Doyle_7_2_Sales.csproj", "{72546EED-8F9E-412A-870B-3314D40D23E7}"
EndProject
Project("{FAE04EC0-301F-11D3-BF4B-00C04F79EFBC}") = "RandomNumbersCalculations", "..\RandomNumbersCalculations\RandomNumbersCalculations.csproj", "{900CA065-947A-4E40-A2A1-C58B0E122419}"
EndProject
Project("{FAE04EC0-301F-11D3-BF4B-00C04F79EFBC}") = "_8_1_TwoDimensionalArrays", "..\_8_1_TwoDimensionalArrays\_8_1_TwoDimensionalArrays.csproj", "{2AF4C198-F006-4B28-A5CF-D6A21EBE048D}"
EndProject
Project("{FAE04EC0-301F-11D3-BF4B-00C04F79EFBC}") = "PhoneNumber", "..\PhoneNumber\PhoneNumber.csproj", "{E36F0F41-D597-45B7-A96B-919D777F9B5C}"
EndProject
Project("{FAE04EC0-301F-11D3-BF4B-00C04F79EFBC}") = "IT1050_Assignment5_AlmostChess", "..\IT1050_Assignment5_AlmostChess\IT1050_Assignment5_AlmostChess.csproj", "{4E46E22C-CD66-4689-B722-926E19D1D2F1}"
EndProject
Project("{FAE04EC0-301F-11D3-BF4B-00C04F79EFBC}") = "UdemyPuzzles_10_TortoiseAndHareRace", "..\UdemyPuzzles_10_TortoiseAndHareRace\UdemyPuzzles_10_TortoiseAndHareRace.csproj", "{3FE36A18-9414-48F7-B06E-A11E3D52A7F5}"
EndProject
Global
	GlobalSection(SolutionConfigurationPlatforms) = preSolution
		Debug|Any CPU = Debug|Any CPU
		Release|Any CPU = Release|Any CPU
	EndGlobalSection
	GlobalSection(ProjectConfigurationPlatforms) = postSolution
		{B28A5BD3-BB29-4987-B7FF-8ECC6A4A916B}.Debug|Any CPU.ActiveCfg = Debug|Any CPU
		{B28A5BD3-BB29-4987-B7FF-8ECC6A4A916B}.Debug|Any CPU.Build.0 = Debug|Any CPU
		{B28A5BD3-BB29-4987-B7FF-8ECC6A4A916B}.Release|Any CPU.ActiveCfg = Release|Any CPU
		{B28A5BD3-BB29-4987-B7FF-8ECC6A4A916B}.Release|Any CPU.Build.0 = Release|Any CPU
		{BDE25C6E-6251-4D8E-BA1E-583A3598F125}.Debug|Any CPU.ActiveCfg = Debug|Any CPU
		{BDE25C6E-6251-4D8E-BA1E-583A3598F125}.Debug|Any CPU.Build.0 = Debug|Any CPU
		{BDE25C6E-6251-4D8E-BA1E-583A3598F125}.Release|Any CPU.ActiveCfg = Release|Any CPU
		{BDE25C6E-6251-4D8E-BA1E-583A3598F125}.Release|Any CPU.Build.0 = Release|Any CPU
		{D4794368-96E1-492F-B44D-AD34BF3AB4DA}.Debug|Any CPU.ActiveCfg = Debug|Any CPU
		{D4794368-96E1-492F-B44D-AD34BF3AB4DA}.Debug|Any CPU.Build.0 = Debug|Any CPU
		{D4794368-96E1-492F-B44D-AD34BF3AB4DA}.Release|Any CPU.ActiveCfg = Release|Any CPU
		{D4794368-96E1-492F-B44D-AD34BF3AB4DA}.Release|Any CPU.Build.0 = Release|Any CPU
		{D5878802-4E36-4E11-958D-F250AE3A9D2D}.Debug|Any CPU.ActiveCfg = Debug|Any CPU
		{D5878802-4E36-4E11-958D-F250AE3A9D2D}.Debug|Any CPU.Build.0 = Debug|Any CPU
		{D5878802-4E36-4E11-958D-F250AE3A9D2D}.Release|Any CPU.ActiveCfg = Release|Any CPU
		{D5878802-4E36-4E11-958D-F250AE3A9D2D}.Release|Any CPU.Build.0 = Release|Any CPU
		{72546EED-8F9E-412A-870B-3314D40D23E7}.Debug|Any CPU.ActiveCfg = Debug|Any CPU
		{72546EED-8F9E-412A-870B-3314D40D23E7}.Debug|Any CPU.Build.0 = Debug|Any CPU
		{72546EED-8F9E-412A-870B-3314D40D23E7}.Release|Any CPU.ActiveCfg = Release|Any CPU
		{72546EED-8F9E-412A-870B-3314D40D23E7}.Release|Any CPU.Build.0 = Release|Any CPU
		{900CA065-947A-4E40-A2A1-C58B0E122419}.Debug|Any CPU.ActiveCfg = Debug|Any CPU
		{900CA065-947A-4E40-A2A1-C58B0E122419}.Debug|Any CPU.Build.0 = Debug|Any CPU
		{900CA065-947A-4E40-A2A1-C58B0E122419}.Release|Any CPU.ActiveCfg = Release|Any CPU
		{900CA065-947A-4E40-A2A1-C58B0E122419}.Release|Any CPU.Build.0 = Release|Any CPU
		{2AF4C198-F006-4B28-A5CF-D6A21EBE048D}.Debug|Any CPU.ActiveCfg = Debug|Any CPU
		{2AF4C198-F006-4B28-A5CF-D6A21EBE048D}.Debug|Any CPU.Build.0 = Debug|Any CPU
		{2AF4C198-F006-4B28-A5CF-D6A21EBE048D}.Release|Any CPU.ActiveCfg = Release|Any CPU
		{2AF4C198-F006-4B28-A5CF-D6A21EBE048D}.Release|Any CPU.Build.0 = Release|Any CPU
		{E36F0F41-D597-45B7-A96B-919D777F9B5C}.Debug|Any CPU.ActiveCfg = Debug|Any CPU
		{E36F0F41-D597-45B7-A96B-919D777F9B5C}.Debug|Any CPU.Build.0 = Debug|Any CPU
		{E36F0F41-D597-45B7-A96B-919D777F9B5C}.Release|Any CPU.ActiveCfg = Release|Any CPU
		{E36F0F41-D597-45B7-A96B-919D777F9B5C}.Release|Any CPU.Build.0 = Release|Any CPU
		{4E46E22C-CD66-4689-B722-926E19D1D2F1}.Debug|Any CPU.ActiveCfg = Debug|Any CPU
		{4E46E22C-CD66-4689-B722-926E19D1D2F1}.Debug|Any CPU.Build.0 = Debug|Any CPU
		{4E46E22C-CD66-4689-B722-926E19D1D2F1}.Release|Any CPU.ActiveCfg = Release|Any CPU
		{4E46E22C-CD66-4689-B722-926E19D1D2F1}.Release|Any CPU.Build.0 = Release|Any CPU
		{3FE36A18-9414-48F7-B06E-A11E3D52A7F5}.Debug|Any CPU.ActiveCfg = Debug|Any CPU
		{3FE36A18-9414-48F7-B06E-A11E3D52A7F5}.Debug|Any CPU.Build.0 = Debug|Any CPU
		{3FE36A18-9414-48F7-B06E-A11E3D52A7F5}.Release|Any CPU.ActiveCfg = Release|Any CPU
		{3FE36A18-9414-48F7-B06E-A11E3D52A7F5}.Release|Any CPU.Build.0 = Release|Any CPU
	EndGlobalSection
	GlobalSection(SolutionProperties) = preSolution
		HideSolutionNode = FALSE
	EndGlobalSection
	GlobalSection(ExtensibilityGlobals) = postSolution
		SolutionGuid = {578F95C5-711B-474C-8C60-413DAFD4B017}
	EndGlobalSection
EndGlobal
